{
  "nodes": {
    "den": {
      "locked": {
        "lastModified": 1774498900,
        "narHash": "sha256-THw/ly8KvXGQ0EI+Nhu/Eo9w8w7wtgHhAeWpteNiz/Q=",
        "owner": "vic",
        "repo": "den",
        "rev": "eb92bbfdefd22b76fa5781e8adbeff42c4fe429e",
        "type": "github"
      },
      "original": {
        "owner": "vic",
        "repo": "den",
        "type": "github"
      }
    },
    "import-tree": {
      "locked": {
        "lastModified": 1773693634,
        "narHash": "sha256-BtZ2dtkBdSUnFPPFc+n0kcMbgaTxzFNPv2iaO326Ffg=",
        "owner": "vic",
        "repo": "import-tree",
        "rev": "c41e7d58045f9057880b0d85e1152d6a4430dbf1",
        "type": "github"
      },
      "original": {
        "owner": "vic",
        "repo": "import-tree",
        "type": "github"
      }
    },
    "nixpkgs": {
      "locked": {
        "lastModified": 1775710090,
        "narHash": "sha256-WGjBfvXv/mcg5yBg+AtK1Q3FHyXfjAAeJROmg7DLYfM=",
        "rev": "4c1018dae018162ec878d42fec712642d214fdfa",
        "type": "tarball",
        "url": "https://releases.nixos.org/nixos/unstable/nixos-26.05pre977467.4c1018dae018/nixexprs.tar.xz"
      },
      "original": {
        "type": "tarball",
        "url": "https://channels.nixos.org/nixos-unstable/nixexprs.tar.xz"
      }
    },
    "root": {
      "inputs": {
        "den": "den",
        "import-tree": "import-tree",
        "nixpkgs": "nixpkgs"
      }
    }
  },
  "root": "root",
  "version": 7
}
