{
  "nodes": {
    "den": {
      "locked": {
        "lastModified": 1774498900,
        "narHash": "sha256-THw/ly8KvXGQ0EI+Nhu/Eo9w8w7wtgHhAeWpteNiz/Q=",
        "owner": "vic",
        "repo": "den",
        "rev": "eb92bbfdefd22b76fa5781e8adbeff42c4fe429e",
        "type": "github"
      },
      "original": {
        "owner": "vic",
        "repo": "den",
        "type": "github"
      }
    },
    "import-tree": {
      "locked": {
        "lastModified": 1773693634,
        "narHash": "sha256-BtZ2dtkBdSUnFPPFc+n0kcMbgaTxzFNPv2iaO326Ffg=",
        "owner": "vic",
        "repo": "import-tree",
        "rev": "c41e7d58045f9057880b0d85e1152d6a4430dbf1",
        "type": "github"
      },
      "original": {
        "owner": "vic",
        "repo": "import-tree",
        "type": "github"
      }
    },
    "nixpkgs": {
      "locked": {
        "lastModified": 1774273680,
        "narHash": "sha256-WLxi1vfcykjq9Yb2umqBJs6lVM6MpV2tXfcrAjroxUk=",
        "rev": "fdc7b8f7b30fdbedec91b71ed82f36e1637483ed",
        "type": "tarball",
        "url": "https://releases.nixos.org/nixpkgs/nixpkgs-26.05pre968305.fdc7b8f7b30f/nixexprs.tar.xz"
      },
      "original": {
        "type": "tarball",
        "url": "https://channels.nixos.org/nixpkgs-unstable/nixexprs.tar.xz"
      }
    },
    "root": {
      "inputs": {
        "den": "den",
        "import-tree": "import-tree",
        "nixpkgs": "nixpkgs"
      }
    }
  },
  "root": "root",
  "version": 7
}
