{
  "nodes": {
    "den": {
      "locked": {
        "lastModified": 1772737374,
        "narHash": "sha256-b1nHLbA42NXPSPC6lpP2K/9RVwO+z91AVV44yRycO5c=",
        "owner": "vic",
        "repo": "den",
        "rev": "57aef3045c87527e94f1f139a818f8851e024a33",
        "type": "github"
      },
      "original": {
        "owner": "vic",
        "repo": "den",
        "type": "github"
      }
    },
    "flake-aspects": {
      "locked": {
        "lastModified": 1772749648,
        "narHash": "sha256-6QtwbL/R0RhJrHIDc1SdJD0YYfVXG9yteiFkfNl0Rbg=",
        "owner": "vic",
        "repo": "flake-aspects",
        "rev": "ccc25fc1e06b8957e15e6d0c0a0c51e9d7a96b37",
        "type": "github"
      },
      "original": {
        "owner": "vic",
        "repo": "flake-aspects",
        "type": "github"
      }
    },
    "import-tree": {
      "locked": {
        "lastModified": 1763762820,
        "narHash": "sha256-ZvYKbFib3AEwiNMLsejb/CWs/OL/srFQ8AogkebEPF0=",
        "owner": "vic",
        "repo": "import-tree",
        "rev": "3c23749d8013ec6daa1d7255057590e9ca726646",
        "type": "github"
      },
      "original": {
        "owner": "vic",
        "repo": "import-tree",
        "type": "github"
      }
    },
    "nixpkgs": {
      "locked": {
        "lastModified": 1770843696,
        "narHash": "sha256-9SFCZkVcpDOV6unH5hVEy4+dB0rxMuUoBnDAO6vshac=",
        "rev": "2343bbb58f99267223bc2aac4fc9ea301a155a16",
        "type": "tarball",
        "url": "https://releases.nixos.org/nixpkgs/nixpkgs-26.05pre944764.2343bbb58f99/nixexprs.tar.xz"
      },
      "original": {
        "type": "tarball",
        "url": "https://channels.nixos.org/nixpkgs-unstable/nixexprs.tar.xz"
      }
    },
    "root": {
      "inputs": {
        "den": "den",
        "flake-aspects": "flake-aspects",
        "import-tree": "import-tree",
        "nixpkgs": "nixpkgs"
      }
    }
  },
  "root": "root",
  "version": 7
}
