{
  "nodes": {
    "den": {
      "locked": {
        "lastModified": 1763619754,
        "narHash": "sha256-KfJxW0soJ9ZSqstmmdWIUcGxFhu7iqPRmCVlvv4b3hY=",
        "owner": "vic",
        "repo": "den",
        "rev": "71cf31d5e045509c2f5555db2ad36dfaa82fa26d",
        "type": "github"
      },
      "original": {
        "owner": "vic",
        "repo": "den",
        "type": "github"
      }
    },
    "flake-aspects": {
      "locked": {
        "lastModified": 1769717274,
        "narHash": "sha256-U15OaMr9AcJiB1wW2uCFzFO+DnQ3jJSvln+ZR/+Q0vE=",
        "owner": "vic",
        "repo": "flake-aspects",
        "rev": "a35ed5efc9a629694d659d606230ba18a76cefaa",
        "type": "github"
      },
      "original": {
        "owner": "vic",
        "repo": "flake-aspects",
        "type": "github"
      }
    },
    "import-tree": {
      "locked": {
        "lastModified": 1763263999,
        "narHash": "sha256-AZ4UkBJQKfaL9sX+/mzc1xBtcJk8hDQGkhjWX0Py5hU=",
        "owner": "vic",
        "repo": "import-tree",
        "rev": "058bd03ac818ea349946323ae3c2837b4cab7f22",
        "type": "github"
      },
      "original": {
        "owner": "vic",
        "repo": "import-tree",
        "type": "github"
      }
    },
    "nixpkgs": {
      "locked": {
        "lastModified": 1763464769,
        "narHash": "sha256-AJHrsT7VoeQzErpBRlLJM1SODcaayp0joAoEA35yiwM=",
        "owner": "nixos",
        "repo": "nixpkgs",
        "rev": "6f374686605df381de8541c072038472a5ea2e2d",
        "type": "github"
      },
      "original": {
        "owner": "nixos",
        "ref": "nixpkgs-unstable",
        "repo": "nixpkgs",
        "type": "github"
      }
    },
    "root": {
      "inputs": {
        "den": "den",
        "flake-aspects": "flake-aspects",
        "import-tree": "import-tree",
        "nixpkgs": "nixpkgs"
      }
    }
  },
  "root": "root",
  "version": 7
}
