{
  "nodes": {
    "den": {
      "locked": {
        "lastModified": 1771364340,
        "narHash": "sha256-i6IoHdOqdJHjJHuTIZqPJVDn6VVOG1nyRXR70qYQej4=",
        "owner": "vic",
        "repo": "den",
        "rev": "f8cb8c618e1680e99c165d2bf826600170abb5a2",
        "type": "github"
      },
      "original": {
        "owner": "vic",
        "repo": "den",
        "type": "github"
      }
    },
    "flake-aspects": {
      "locked": {
        "lastModified": 1771395573,
        "narHash": "sha256-bcCOG2CW23/Eww/zULJf1xd0Shz2zS4c2AJWwLALyJ8=",
        "owner": "vic",
        "repo": "flake-aspects",
        "rev": "8297f3bc41ad79b9f01d56d0dd92f7aac51bacfb",
        "type": "github"
      },
      "original": {
        "owner": "vic",
        "repo": "flake-aspects",
        "type": "github"
      }
    },
    "import-tree": {
      "locked": {
        "lastModified": 1763762820,
        "narHash": "sha256-ZvYKbFib3AEwiNMLsejb/CWs/OL/srFQ8AogkebEPF0=",
        "owner": "vic",
        "repo": "import-tree",
        "rev": "3c23749d8013ec6daa1d7255057590e9ca726646",
        "type": "github"
      },
      "original": {
        "owner": "vic",
        "repo": "import-tree",
        "type": "github"
      }
    },
    "nixpkgs": {
      "locked": {
        "lastModified": 1770843696,
        "narHash": "sha256-9SFCZkVcpDOV6unH5hVEy4+dB0rxMuUoBnDAO6vshac=",
        "rev": "2343bbb58f99267223bc2aac4fc9ea301a155a16",
        "type": "tarball",
        "url": "https://releases.nixos.org/nixpkgs/nixpkgs-26.05pre944764.2343bbb58f99/nixexprs.tar.xz"
      },
      "original": {
        "type": "tarball",
        "url": "https://channels.nixos.org/nixpkgs-unstable/nixexprs.tar.xz"
      }
    },
    "root": {
      "inputs": {
        "den": "den",
        "flake-aspects": "flake-aspects",
        "import-tree": "import-tree",
        "nixpkgs": "nixpkgs"
      }
    }
  },
  "root": "root",
  "version": 7
}
